
Microsoft Visual Studio Solution File, Format Version 12.00
# Visual Studio Version 17
VisualStudioVersion = 17.2.32526.322
MinimumVisualStudioVersion = 10.0.40219.1
Project("{FAE04EC0-301F-11D3-BF4B-00C04F79EFBC}") = "WindowsFormsApp7", "WindowsFormsApp7\WindowsFormsApp7.csproj", "{30CB4A32-5044-4507-8C3B-84E05BFFFFE6}"
EndProject
Global
	GlobalSection(SolutionConfigurationPlatforms) = preSolution
		Debug|Any CPU = Debug|Any CPU
		Release|Any CPU = Release|Any CPU
	EndGlobalSection
	GlobalSection(ProjectConfigurationPlatforms) = postSolution
		{30CB4A32-5044-4507-8C3B-84E05BFFFFE6}.Debug|Any CPU.ActiveCfg = Debug|Any CPU
		{30CB4A32-5044-4507-8C3B-84E05BFFFFE6}.Debug|Any CPU.Build.0 = Debug|Any CPU
		{30CB4A32-5044-4507-8C3B-84E05BFFFFE6}.Release|Any CPU.ActiveCfg = Release|Any CPU
		{30CB4A32-5044-4507-8C3B-84E05BFFFFE6}.Release|Any CPU.Build.0 = Release|Any CPU
	EndGlobalSection
	GlobalSection(SolutionProperties) = preSolution
		HideSolutionNode = FALSE
	EndGlobalSection
	GlobalSection(ExtensibilityGlobals) = postSolution
		SolutionGuid = {FF3F3623-E4CE-400C-9FD6-F6869E6FF58E}
	EndGlobalSection
EndGlobal
